
Microsoft Visual Studio Solution File, Format Version 12.00
# Visual Studio Version 16
VisualStudioVersion = 16.0.30804.86
MinimumVisualStudioVersion = 10.0.40219.1
Project("{FAE04EC0-301F-11D3-BF4B-00C04F79EFBC}") = "NJ", "NJ\NJ.csproj", "{1D3947F5-B4D4-4F81-A3F8-28E8BA2BD0DA}"
EndProject
Project("{FAE04EC0-301F-11D3-BF4B-00C04F79EFBC}") = "KTEngine", "KTEngine\KTEngine.csproj", "{1D03A1B2-7FE7-4FD3-998E-BF8331D99F8A}"
EndProject
Project("{FAE04EC0-301F-11D3-BF4B-00C04F79EFBC}") = "FNA", "FNA\FNA.csproj", "{35253CE1-C864-4CD3-8249-4D1319748E8F}"
EndProject
Global
	GlobalSection(SolutionConfigurationPlatforms) = preSolution
		Debug|Any CPU = Debug|Any CPU
		Debug|x64 = Debug|x64
		Debug|x86 = Debug|x86
		Release|Any CPU = Release|Any CPU
		Release|x64 = Release|x64
		Release|x86 = Release|x86
	EndGlobalSection
	GlobalSection(ProjectConfigurationPlatforms) = postSolution
		{1D3947F5-B4D4-4F81-A3F8-28E8BA2BD0DA}.Debug|Any CPU.ActiveCfg = Debug|Any CPU
		{1D3947F5-B4D4-4F81-A3F8-28E8BA2BD0DA}.Debug|Any CPU.Build.0 = Debug|Any CPU
		{1D3947F5-B4D4-4F81-A3F8-28E8BA2BD0DA}.Debug|x64.ActiveCfg = Debug|Any CPU
		{1D3947F5-B4D4-4F81-A3F8-28E8BA2BD0DA}.Debug|x64.Build.0 = Debug|Any CPU
		{1D3947F5-B4D4-4F81-A3F8-28E8BA2BD0DA}.Debug|x86.ActiveCfg = Debug|x86
		{1D3947F5-B4D4-4F81-A3F8-28E8BA2BD0DA}.Debug|x86.Build.0 = Debug|x86
		{1D3947F5-B4D4-4F81-A3F8-28E8BA2BD0DA}.Release|Any CPU.ActiveCfg = Release|Any CPU
		{1D3947F5-B4D4-4F81-A3F8-28E8BA2BD0DA}.Release|Any CPU.Build.0 = Release|Any CPU
		{1D3947F5-B4D4-4F81-A3F8-28E8BA2BD0DA}.Release|x64.ActiveCfg = Release|Any CPU
		{1D3947F5-B4D4-4F81-A3F8-28E8BA2BD0DA}.Release|x64.Build.0 = Release|Any CPU
		{1D3947F5-B4D4-4F81-A3F8-28E8BA2BD0DA}.Release|x86.ActiveCfg = Release|x86
		{1D3947F5-B4D4-4F81-A3F8-28E8BA2BD0DA}.Release|x86.Build.0 = Release|x86
		{1D03A1B2-7FE7-4FD3-998E-BF8331D99F8A}.Debug|Any CPU.ActiveCfg = Debug|Any CPU
		{1D03A1B2-7FE7-4FD3-998E-BF8331D99F8A}.Debug|Any CPU.Build.0 = Debug|Any CPU
		{1D03A1B2-7FE7-4FD3-998E-BF8331D99F8A}.Debug|x64.ActiveCfg = Debug|x64
		{1D03A1B2-7FE7-4FD3-998E-BF8331D99F8A}.Debug|x64.Build.0 = Debug|x64
		{1D03A1B2-7FE7-4FD3-998E-BF8331D99F8A}.Debug|x86.ActiveCfg = Debug|x86
		{1D03A1B2-7FE7-4FD3-998E-BF8331D99F8A}.Debug|x86.Build.0 = Debug|x86
		{1D03A1B2-7FE7-4FD3-998E-BF8331D99F8A}.Release|Any CPU.ActiveCfg = Release|Any CPU
		{1D03A1B2-7FE7-4FD3-998E-BF8331D99F8A}.Release|Any CPU.Build.0 = Release|Any CPU
		{1D03A1B2-7FE7-4FD3-998E-BF8331D99F8A}.Release|x64.ActiveCfg = Release|x64
		{1D03A1B2-7FE7-4FD3-998E-BF8331D99F8A}.Release|x64.Build.0 = Release|x64
		{1D03A1B2-7FE7-4FD3-998E-BF8331D99F8A}.Release|x86.ActiveCfg = Release|x86
		{1D03A1B2-7FE7-4FD3-998E-BF8331D99F8A}.Release|x86.Build.0 = Release|x86
		{35253CE1-C864-4CD3-8249-4D1319748E8F}.Debug|Any CPU.ActiveCfg = Debug|Any CPU
		{35253CE1-C864-4CD3-8249-4D1319748E8F}.Debug|Any CPU.Build.0 = Debug|Any CPU
		{35253CE1-C864-4CD3-8249-4D1319748E8F}.Debug|x64.ActiveCfg = Debug|x64
		{35253CE1-C864-4CD3-8249-4D1319748E8F}.Debug|x64.Build.0 = Debug|x64
		{35253CE1-C864-4CD3-8249-4D1319748E8F}.Debug|x86.ActiveCfg = Debug|x86
		{35253CE1-C864-4CD3-8249-4D1319748E8F}.Debug|x86.Build.0 = Debug|x86
		{35253CE1-C864-4CD3-8249-4D1319748E8F}.Release|Any CPU.ActiveCfg = Release|Any CPU
		{35253CE1-C864-4CD3-8249-4D1319748E8F}.Release|Any CPU.Build.0 = Release|Any CPU
		{35253CE1-C864-4CD3-8249-4D1319748E8F}.Release|x64.ActiveCfg = Release|x64
		{35253CE1-C864-4CD3-8249-4D1319748E8F}.Release|x64.Build.0 = Release|x64
		{35253CE1-C864-4CD3-8249-4D1319748E8F}.Release|x86.ActiveCfg = Release|x86
		{35253CE1-C864-4CD3-8249-4D1319748E8F}.Release|x86.Build.0 = Release|x86
	EndGlobalSection
	GlobalSection(SolutionProperties) = preSolution
		HideSolutionNode = FALSE
	EndGlobalSection
	GlobalSection(ExtensibilityGlobals) = postSolution
		SolutionGuid = {24361C57-B2FC-4B35-B028-61F2DF3ABEFD}
	EndGlobalSection
EndGlobal
